
Microsoft Visual Studio Solution File, Format Version 12.00
# Visual Studio 15
VisualStudioVersion = 15.0.28010.2003
MinimumVisualStudioVersion = 10.0.40219.1
Project("{FAE04EC0-301F-11D3-BF4B-00C04F79EFBC}") = "TopBeers", "TopBeers\TopBeers.csproj", "{211358B4-DFFE-4E5C-8207-3614AF04CBFA}"
EndProject
Global
	GlobalSection(SolutionConfigurationPlatforms) = preSolution
		Debug|Any CPU = Debug|Any CPU
		Release|Any CPU = Release|Any CPU
	EndGlobalSection
	GlobalSection(ProjectConfigurationPlatforms) = postSolution
		{211358B4-DFFE-4E5C-8207-3614AF04CBFA}.Debug|Any CPU.ActiveCfg = Debug|Any CPU
		{211358B4-DFFE-4E5C-8207-3614AF04CBFA}.Debug|Any CPU.Build.0 = Debug|Any CPU
		{211358B4-DFFE-4E5C-8207-3614AF04CBFA}.Release|Any CPU.ActiveCfg = Release|Any CPU
		{211358B4-DFFE-4E5C-8207-3614AF04CBFA}.Release|Any CPU.Build.0 = Release|Any CPU
	EndGlobalSection
	GlobalSection(SolutionProperties) = preSolution
		HideSolutionNode = FALSE
	EndGlobalSection
	GlobalSection(ExtensibilityGlobals) = postSolution
		SolutionGuid = {5DBE57DD-DCCC-447C-9DE3-8C09EC81F085}
	EndGlobalSection
EndGlobal
